// !$*UTF8*$!
{
	archiveVersion = 1;
	classes = {
	};
	objectVersion = 50;
	objects = {

/* Begin PBXBuildFile section */
		A924149D21A67CE5005E9243 /* AppDelegate.swift in Sources */ = {isa = PBXBuildFile; fileRef = A924149C21A67CE5005E9243 /* AppDelegate.swift */; };
		A924149F21A67CE5005E9243 /* ViewController.swift in Sources */ = {isa = PBXBuildFile; fileRef = A924149E21A67CE5005E9243 /* ViewController.swift */; };
		A92414A221A67CE5005E9243 /* Main.storyboard in Resources */ = {isa = PBXBuildFile; fileRef = A92414A021A67CE5005E9243 /* Main.storyboard */; };
		A92414A521A67CE5005E9243 /* TechSymp.xcdatamodeld in Sources */ = {isa = PBXBuildFile; fileRef = A92414A321A67CE5005E9243 /* TechSymp.xcdatamodeld */; };
		A92414A721A67CE6005E9243 /* Assets.xcassets in Resources */ = {isa = PBXBuildFile; fileRef = A92414A621A67CE6005E9243 /* Assets.xcassets */; };
		A92414AA21A67CE6005E9243 /* LaunchScreen.storyboard in Resources */ = {isa = PBXBuildFile; fileRef = A92414A821A67CE6005E9243 /* LaunchScreen.storyboard */; };
		A92414B521A67CE6005E9243 /* TechSympTests.swift in Sources */ = {isa = PBXBuildFile; fileRef = A92414B421A67CE6005E9243 /* TechSympTests.swift */; };
		A92414C021A67CE6005E9243 /* TechSympUITests.swift in Sources */ = {isa = PBXBuildFile; fileRef = A92414BF21A67CE6005E9243 /* TechSympUITests.swift */; };
/* End PBXBuildFile section */

/* Begin PBXContainerItemProxy section */
		A92414B121A67CE6005E9243 /* PBXContainerItemProxy */ = {
			isa = PBXContainerItemProxy;
			containerPortal = A924149121A67CE4005E9243 /* Project object */;
			proxyType = 1;
			remoteGlobalIDString = A924149821A67CE5005E9243;
			remoteInfo = TechSymp;
		};
		A92414BC21A67CE6005E9243 /* PBXContainerItemProxy */ = {
			isa = PBXContainerItemProxy;
			containerPortal = A924149121A67CE4005E9243 /* Project object */;
			proxyType = 1;
			remoteGlobalIDString = A924149821A67CE5005E9243;
			remoteInfo = TechSymp;
		};
/* End PBXContainerItemProxy section */

/* Begin PBXFileReference section */
		A924149921A67CE5005E9243 /* TechSymp.app */ = {isa = PBXFileReference; explicitFileType = wrapper.application; includeInIndex = 0; path = TechSymp.app; sourceTree = BUILT_PRODUCTS_DIR; };
		A924149C21A67CE5005E9243 /* AppDelegate.swift */ = {isa = PBXFileReference; lastKnownFileType = sourcecode.swift; path = AppDelegate.swift; sourceTree = "<group>"; };
		A924149E21A67CE5005E9243 /* ViewController.swift */ = {isa = PBXFileReference; lastKnownFileType = sourcecode.swift; path = ViewController.swift; sourceTree = "<group>"; };
		A92414A121A67CE5005E9243 /* Base */ = {isa = PBXFileReference; lastKnownFileType = file.storyboard; name = Base; path = Base.lproj/Main.storyboard; sourceTree = "<group>"; };
		A92414A421A67CE5005E9243 /* TechSymp.xcdatamodel */ = {isa = PBXFileReference; lastKnownFileType = wrapper.xcdatamodel; path = TechSymp.xcdatamodel; sourceTree = "<group>"; };
		A92414A621A67CE6005E9243 /* Assets.xcassets */ = {isa = PBXFileReference; lastKnownFileType = folder.assetcatalog; path = Assets.xcassets; sourceTree = "<group>"; };
		A92414A921A67CE6005E9243 /* Base */ = {isa = PBXFileReference; lastKnownFileType = file.storyboard; name = Base; path = Base.lproj/LaunchScreen.storyboard; sourceTree = "<group>"; };
		A92414AB21A67CE6005E9243 /* Info.plist */ = {isa = PBXFileReference; lastKnownFileType = text.plist.xml; path = Info.plist; sourceTree = "<group>"; };
		A92414B021A67CE6005E9243 /* TechSympTests.xctest */ = {isa = PBXFileReference; explicitFileType = wrapper.cfbundle; includeInIndex = 0; path = TechSympTests.xctest; sourceTree = BUILT_PRODUCTS_DIR; };
		A92414B421A67CE6005E9243 /* TechSympTests.swift */ = {isa = PBXFileReference; lastKnownFileType = sourcecode.swift; path = TechSympTests.swift; sourceTree = "<group>"; };
		A92414B621A67CE6005E9243 /* Info.plist */ = {isa = PBXFileReference; lastKnownFileType = text.plist.xml; path = Info.plist; sourceTree = "<group>"; };
		A92414BB21A67CE6005E9243 /* TechSympUITests.xctest */ = {isa = PBXFileReference; explicitFileType = wrapper.cfbundle; includeInIndex = 0; path = TechSympUITests.xctest; sourceTree = BUILT_PRODUCTS_DIR; };
		A92414BF21A67CE6005E9243 /* TechSympUITests.swift */ = {isa = PBXFileReference; lastKnownFileType = sourcecode.swift; path = TechSympUITests.swift; sourceTree = "<group>"; };
		A92414C121A67CE6005E9243 /* Info.plist */ = {isa = PBXFileReference; lastKnownFileType = text.plist.xml; path = Info.plist; sourceTree = "<group>"; };
/* End PBXFileReference section */

/* Begin PBXFrameworksBuildPhase section */
		A924149621A67CE5005E9243 /* Frameworks */ = {
			isa = PBXFrameworksBuildPhase;
			buildActionMask = 2147483647;
			files = (
			);
			runOnlyForDeploymentPostprocessing = 0;
		};
		A92414AD21A67CE6005E9243 /* Frameworks */ = {
			isa = PBXFrameworksBuildPhase;
			buildActionMask = 2147483647;
			files = (
			);
			runOnlyForDeploymentPostprocessing = 0;
		};
		A92414B821A67CE6005E9243 /* Frameworks */ = {
			isa = PBXFrameworksBuildPhase;
			buildActionMask = 2147483647;
			files = (
			);
			runOnlyForDeploymentPostprocessing = 0;
		};
/* End PBXFrameworksBuildPhase section */

/* Begin PBXGroup section */
		A924149021A67CE4005E9243 = {
			isa = PBXGroup;
			children = (
				A924149B21A67CE5005E9243 /* TechSymp */,
				A92414B321A67CE6005E9243 /* TechSympTests */,
				A92414BE21A67CE6005E9243 /* TechSympUITests */,
				A924149A21A67CE5005E9243 /* Products */,
			);
			sourceTree = "<group>";
		};
		A924149A21A67CE5005E9243 /* Products */ = {
			isa = PBXGroup;
			children = (
				A924149921A67CE5005E9243 /* TechSymp.app */,
				A92414B021A67CE6005E9243 /* TechSympTests.xctest */,
				A92414BB21A67CE6005E9243 /* TechSympUITests.xctest */,
			);
			name = Products;
			sourceTree = "<group>";
		};
		A924149B21A67CE5005E9243 /* TechSymp */ = {
			isa = PBXGroup;
			children = (
				A924149C21A67CE5005E9243 /* AppDelegate.swift */,
				A924149E21A67CE5005E9243 /* ViewController.swift */,
				A92414A021A67CE5005E9243 /* Main.storyboard */,
				A92414A621A67CE6005E9243 /* Assets.xcassets */,
				A92414A821A67CE6005E9243 /* LaunchScreen.storyboard */,
				A92414AB21A67CE6005E9243 /* Info.plist */,
				A92414A321A67CE5005E9243 /* TechSymp.xcdatamodeld */,
			);
			path = TechSymp;
			sourceTree = "<group>";
		};
		A92414B321A67CE6005E9243 /* TechSympTests */ = {
			isa = PBXGroup;
			children = (
				A92414B421A67CE6005E9243 /* TechSympTests.swift */,
				A92414B621A67CE6005E9243 /* Info.plist */,
			);
			path = TechSympTests;
			sourceTree = "<group>";
		};
		A92414BE21A67CE6005E9243 /* TechSympUITests */ = {
			isa = PBXGroup;
			children = (
				A92414BF21A67CE6005E9243 /* TechSympUITests.swift */,
				A92414C121A67CE6005E9243 /* Info.plist */,
			);
			path = TechSympUITests;
			sourceTree = "<group>";
		};
/* End PBXGroup section */

/* Begin PBXNativeTarget section */
		A924149821A67CE5005E9243 /* TechSymp */ = {
			isa = PBXNativeTarget;
			buildConfigurationList = A92414C421A67CE6005E9243 /* Build configuration list for PBXNativeTarget "TechSymp" */;
			buildPhases = (
				A924149521A67CE5005E9243 /* Sources */,
				A924149621A67CE5005E9243 /* Frameworks */,
				A924149721A67CE5005E9243 /* Resources */,
			);
			buildRules = (
			);
			dependencies = (
			);
			name = TechSymp;
			productName = TechSymp;
			productReference = A924149921A67CE5005E9243 /* TechSymp.app */;
			productType = "com.apple.product-type.application";
		};
		A92414AF21A67CE6005E9243 /* TechSympTests */ = {
			isa = PBXNativeTarget;
			buildConfigurationList = A92414C721A67CE6005E9243 /* Build configuration list for PBXNativeTarget "TechSympTests" */;
			buildPhases = (
				A92414AC21A67CE6005E9243 /* Sources */,
				A92414AD21A67CE6005E9243 /* Frameworks */,
				A92414AE21A67CE6005E9243 /* Resources */,
			);
			buildRules = (
			);
			dependencies = (
				A92414B221A67CE6005E9243 /* PBXTargetDependency */,
			);
			name = TechSympTests;
			productName = TechSympTests;
			productReference = A92414B021A67CE6005E9243 /* TechSympTests.xctest */;
			productType = "com.apple.product-type.bundle.unit-test";
		};
		A92414BA21A67CE6005E9243 /* TechSympUITests */ = {
			isa = PBXNativeTarget;
			buildConfigurationList = A92414CA21A67CE6005E9243 /* Build configuration list for PBXNativeTarget "TechSympUITests" */;
			buildPhases = (
				A92414B721A67CE6005E9243 /* Sources */,
				A92414B821A67CE6005E9243 /* Frameworks */,
				A92414B921A67CE6005E9243 /* Resources */,
			);
			buildRules = (
			);
			dependencies = (
				A92414BD21A67CE6005E9243 /* PBXTargetDependency */,
			);
			name = TechSympUITests;
			productName = TechSympUITests;
			productReference = A92414BB21A67CE6005E9243 /* TechSympUITests.xctest */;
			productType = "com.apple.product-type.bundle.ui-testing";
		};
/* End PBXNativeTarget section */

/* Begin PBXProject section */
		A924149121A67CE4005E9243 /* Project object */ = {
			isa = PBXProject;
			attributes = {
				LastSwiftUpdateCheck = 1010;
				LastUpgradeCheck = 1010;
				ORGANIZATIONNAME = k4;
				TargetAttributes = {
					A924149821A67CE5005E9243 = {
						CreatedOnToolsVersion = 10.1;
					};
					A92414AF21A67CE6005E9243 = {
						CreatedOnToolsVersion = 10.1;
						TestTargetID = A924149821A67CE5005E9243;
					};
					A92414BA21A67CE6005E9243 = {
						CreatedOnToolsVersion = 10.1;
						TestTargetID = A924149821A67CE5005E9243;
					};
				};
			};
			buildConfigurationList = A924149421A67CE4005E9243 /* Build configuration list for PBXProject "TechSymp" */;
			compatibilityVersion = "Xcode 9.3";
			developmentRegion = en;
			hasScannedForEncodings = 0;
			knownRegions = (
				en,
				Base,
			);
			mainGroup = A924149021A67CE4005E9243;
			productRefGroup = A924149A21A67CE5005E9243 /* Products */;
			projectDirPath = "";
			projectRoot = "";
			targets = (
				A924149821A67CE5005E9243 /* TechSymp */,
				A92414AF21A67CE6005E9243 /* TechSympTests */,
				A92414BA21A67CE6005E9243 /* TechSympUITests */,
			);
		};
/* End PBXProject section */

/* Begin PBXResourcesBuildPhase section */
		A924149721A67CE5005E9243 /* Resources */ = {
			isa = PBXResourcesBuildPhase;
			buildActionMask = 2147483647;
			files = (
				A92414AA21A67CE6005E9243 /* LaunchScreen.storyboard in Resources */,
				A92414A721A67CE6005E9243 /* Assets.xcassets in Resources */,
				A92414A221A67CE5005E9243 /* Main.storyboard in Resources */,
			);
			runOnlyForDeploymentPostprocessing = 0;
		};
		A92414AE21A67CE6005E9243 /* Resources */ = {
			isa = PBXResourcesBuildPhase;
			buildActionMask = 2147483647;
			files = (
			);
			runOnlyForDeploymentPostprocessing = 0;
		};
		A92414B921A67CE6005E9243 /* Resources */ = {
			isa = PBXResourcesBuildPhase;
			buildActionMask = 2147483647;
			files = (
			);
			runOnlyForDeploymentPostprocessing = 0;
		};
/* End PBXResourcesBuildPhase section */

/* Begin PBXSourcesBuildPhase section */
		A924149521A67CE5005E9243 /* Sources */ = {
			isa = PBXSourcesBuildPhase;
			buildActionMask = 2147483647;
			files = (
				A92414A521A67CE5005E9243 /* TechSymp.xcdatamodeld in Sources */,
				A924149F21A67CE5005E9243 /* ViewController.swift in Sources */,
				A924149D21A67CE5005E9243 /* AppDelegate.swift in Sources */,
			);
			runOnlyForDeploymentPostprocessing = 0;
		};
		A92414AC21A67CE6005E9243 /* Sources */ = {
			isa = PBXSourcesBuildPhase;
			buildActionMask = 2147483647;
			files = (
				A92414B521A67CE6005E9243 /* TechSympTests.swift in Sources */,
			);
			runOnlyForDeploymentPostprocessing = 0;
		};
		A92414B721A67CE6005E9243 /* Sources */ = {
			isa = PBXSourcesBuildPhase;
			buildActionMask = 2147483647;
			files = (
				A92414C021A67CE6005E9243 /* TechSympUITests.swift in Sources */,
			);
			runOnlyForDeploymentPostprocessing = 0;
		};
/* End PBXSourcesBuildPhase section */

/* Begin PBXTargetDependency section */
		A92414B221A67CE6005E9243 /* PBXTargetDependency */ = {
			isa = PBXTargetDependency;
			target = A924149821A67CE5005E9243 /* TechSymp */;
			targetProxy = A92414B121A67CE6005E9243 /* PBXContainerItemProxy */;
		};
		A92414BD21A67CE6005E9243 /* PBXTargetDependency */ = {
			isa = PBXTargetDependency;
			target = A924149821A67CE5005E9243 /* TechSymp */;
			targetProxy = A92414BC21A67CE6005E9243 /* PBXContainerItemProxy */;
		};
/* End PBXTargetDependency section */

/* Begin PBXVariantGroup section */
		A92414A021A67CE5005E9243 /* Main.storyboard */ = {
			isa = PBXVariantGroup;
			children = (
				A92414A121A67CE5005E9243 /* Base */,
			);
			name = Main.storyboard;
			sourceTree = "<group>";
		};
		A92414A821A67CE6005E9243 /* LaunchScreen.storyboard */ = {
			isa = PBXVariantGroup;
			children = (
				A92414A921A67CE6005E9243 /* Base */,
			);
			name = LaunchScreen.storyboard;
			sourceTree = "<group>";
		};
/* End PBXVariantGroup section */

/* Begin XCBuildConfiguration section */
		A92414C221A67CE6005E9243 /* Debug */ = {
			isa = XCBuildConfiguration;
			buildSettings = {
				ALWAYS_SEARCH_USER_PATHS = NO;
				CLANG_ANALYZER_NONNULL = YES;
				CLANG_ANALYZER_NUMBER_OBJECT_CONVERSION = YES_AGGRESSIVE;
				CLANG_CXX_LANGUAGE_STANDARD = "gnu++14";
				CLANG_CXX_LIBRARY = "libc++";
				CLANG_ENABLE_MODULES = YES;
				CLANG_ENABLE_OBJC_ARC = YES;
				CLANG_ENABLE_OBJC_WEAK = YES;
				CLANG_WARN_BLOCK_CAPTURE_AUTORELEASING = YES;
				CLANG_WARN_BOOL_CONVERSION = YES;
				CLANG_WARN_COMMA = YES;
				CLANG_WARN_CONSTANT_CONVERSION = YES;
				CLANG_WARN_DEPRECATED_OBJC_IMPLEMENTATIONS = YES;
				CLANG_WARN_DIRECT_OBJC_ISA_USAGE = YES_ERROR;
				CLANG_WARN_DOCUMENTATION_COMMENTS = YES;
				CLANG_WARN_EMPTY_BODY = YES;
				CLANG_WARN_ENUM_CONVERSION = YES;
				CLANG_WARN_INFINITE_RECURSION = YES;
				CLANG_WARN_INT_CONVERSION = YES;
				CLANG_WARN_NON_LITERAL_NULL_CONVERSION = YES;
				CLANG_WARN_OBJC_IMPLICIT_RETAIN_SELF = YES;
				CLANG_WARN_OBJC_LITERAL_CONVERSION = YES;
				CLANG_WARN_OBJC_ROOT_CLASS = YES_ERROR;
				CLANG_WARN_RANGE_LOOP_ANALYSIS = YES;
				CLANG_WARN_STRICT_PROTOTYPES = YES;
				CLANG_WARN_SUSPICIOUS_MOVE = YES;
				CLANG_WARN_UNGUARDED_AVAILABILITY = YES_AGGRESSIVE;
				CLANG_WARN_UNREACHABLE_CODE = YES;
				CLANG_WARN__DUPLICATE_METHOD_MATCH = YES;
				CODE_SIGN_IDENTITY = "iPhone Developer";
				COPY_PHASE_STRIP = NO;
				DEBUG_INFORMATION_FORMAT = dwarf;
				ENABLE_STRICT_OBJC_MSGSEND = YES;
				ENABLE_TESTABILITY = YES;
				GCC_C_LANGUAGE_STANDARD = gnu11;
				GCC_DYNAMIC_NO_PIC = NO;
				GCC_NO_COMMON_BLOCKS = YES;
				GCC_OPTIMIZATION_LEVEL = 0;
				GCC_PREPROCESSOR_DEFINITIONS = (
					"DEBUG=1",
					"$(inherited)",
				);
				GCC_WARN_64_TO_32_BIT_CONVERSION = YES;
				GCC_WARN_ABOUT_RETURN_TYPE = YES_ERROR;
				GCC_WARN_UNDECLARED_SELECTOR = YES;
				GCC_WARN_UNINITIALIZED_AUTOS = YES_AGGRESSIVE;
				GCC_WARN_UNUSED_FUNCTION = YES;
				GCC_WARN_UNUSED_VARIABLE = YES;
				IPHONEOS_DEPLOYMENT_TARGET = 12.1;
				MTL_ENABLE_DEBUG_INFO = INCLUDE_SOURCE;
				MTL_FAST_MATH = YES;
				ONLY_ACTIVE_ARCH = YES;
				SDKROOT = iphoneos;
				SWIFT_ACTIVE_COMPILATION_CONDITIONS = DEBUG;
				SWIFT_OPTIMIZATION_LEVEL = "-Onone";
			};
			name = Debug;
		};
		A92414C321A67CE6005E9243 /* Release */ = {
			isa = XCBuildConfiguration;
			buildSettings = {
				ALWAYS_SEARCH_USER_PATHS = NO;
				CLANG_ANALYZER_NONNULL = YES;
				CLANG_ANALYZER_NUMBER_OBJECT_CONVERSION = YES_AGGRESSIVE;
				CLANG_CXX_LANGUAGE_STANDARD = "gnu++14";
				CLANG_CXX_LIBRARY = "libc++";
				CLANG_ENABLE_MODULES = YES;
				CLANG_ENABLE_OBJC_ARC = YES;
				CLANG_ENABLE_OBJC_WEAK = YES;
				CLANG_WARN_BLOCK_CAPTURE_AUTORELEASING = YES;
				CLANG_WARN_BOOL_CONVERSION = YES;
				CLANG_WARN_COMMA = YES;
				CLANG_WARN_CONSTANT_CONVERSION = YES;
				CLANG_WARN_DEPRECATED_OBJC_IMPLEMENTATIONS = YES;
				CLANG_WARN_DIRECT_OBJC_ISA_USAGE = YES_ERROR;
				CLANG_WARN_DOCUMENTATION_COMMENTS = YES;
				CLANG_WARN_EMPTY_BODY = YES;
				CLANG_WARN_ENUM_CONVERSION = YES;
				CLANG_WARN_INFINITE_RECURSION = YES;
				CLANG_WARN_INT_CONVERSION = YES;
				CLANG_WARN_NON_LITERAL_NULL_CONVERSION = YES;
				CLANG_WARN_OBJC_IMPLICIT_RETAIN_SELF = YES;
				CLANG_WARN_OBJC_LITERAL_CONVERSION = YES;
				CLANG_WARN_OBJC_ROOT_CLASS = YES_ERROR;
				CLANG_WARN_RANGE_LOOP_ANALYSIS = YES;
				CLANG_WARN_STRICT_PROTOTYPES = YES;
				CLANG_WARN_SUSPICIOUS_MOVE = YES;
				CLANG_WARN_UNGUARDED_AVAILABILITY = YES_AGGRESSIVE;
				CLANG_WARN_UNREACHABLE_CODE = YES;
				CLANG_WARN__DUPLICATE_METHOD_MATCH = YES;
				CODE_SIGN_IDENTITY = "iPhone Developer";
				COPY_PHASE_STRIP = NO;
				DEBUG_INFORMATION_FORMAT = "dwarf-with-dsym";
				ENABLE_NS_ASSERTIONS = NO;
				ENABLE_STRICT_OBJC_MSGSEND = YES;
				GCC_C_LANGUAGE_STANDARD = gnu11;
				GCC_NO_COMMON_BLOCKS = YES;
				GCC_WARN_64_TO_32_BIT_CONVERSION = YES;
				GCC_WARN_ABOUT_RETURN_TYPE = YES_ERROR;
				GCC_WARN_UNDECLARED_SELECTOR = YES;
				GCC_WARN_UNINITIALIZED_AUTOS = YES_AGGRESSIVE;
				GCC_WARN_UNUSED_FUNCTION = YES;
				GCC_WARN_UNUSED_VARIABLE = YES;
				IPHONEOS_DEPLOYMENT_TARGET = 12.1;
				MTL_ENABLE_DEBUG_INFO = NO;
				MTL_FAST_MATH = YES;
				SDKROOT = iphoneos;
				SWIFT_COMPILATION_MODE = wholemodule;
				SWIFT_OPTIMIZATION_LEVEL = "-O";
				VALIDATE_PRODUCT = YES;
			};
			name = Release;
		};
		A92414C521A67CE6005E9243 /* Debug */ = {
			isa = XCBuildConfiguration;
			buildSettings = {
				ASSETCATALOG_COMPILER_APPICON_NAME = AppIcon;
				CODE_SIGN_STYLE = Automatic;
				DEVELOPMENT_TEAM = L665RRN8MH;
				INFOPLIST_FILE = TechSymp/Info.plist;
				LD_RUNPATH_SEARCH_PATHS = (
					"$(inherited)",
					"@executable_path/Frameworks",
				);
				PRODUCT_BUNDLE_IDENTIFIER = com.k4.TechSymp;
				PRODUCT_NAME = "$(TARGET_NAME)";
				SWIFT_VERSION = 4.2;
				TARGETED_DEVICE_FAMILY = "1,2";
			};
			name = Debug;
		};
		A92414C621A67CE6005E9243 /* Release */ = {
			isa = XCBuildConfiguration;
			buildSettings = {
				ASSETCATALOG_COMPILER_APPICON_NAME = AppIcon;
				CODE_SIGN_STYLE = Automatic;
				DEVELOPMENT_TEAM = L665RRN8MH;
				INFOPLIST_FILE = TechSymp/Info.plist;
				LD_RUNPATH_SEARCH_PATHS = (
					"$(inherited)",
					"@executable_path/Frameworks",
				);
				PRODUCT_BUNDLE_IDENTIFIER = com.k4.TechSymp;
				PRODUCT_NAME = "$(TARGET_NAME)";
				SWIFT_VERSION = 4.2;
				TARGETED_DEVICE_FAMILY = "1,2";
			};
			name = Release;
		};
		A92414C821A67CE6005E9243 /* Debug */ = {
			isa = XCBuildConfiguration;
			buildSettings = {
				ALWAYS_EMBED_SWIFT_STANDARD_LIBRARIES = YES;
				BUNDLE_LOADER = "$(TEST_HOST)";
				CODE_SIGN_STYLE = Automatic;
				DEVELOPMENT_TEAM = L665RRN8MH;
				INFOPLIST_FILE = TechSympTests/Info.plist;
				LD_RUNPATH_SEARCH_PATHS = (
					"$(inherited)",
					"@executable_path/Frameworks",
					"@loader_path/Frameworks",
				);
				PRODUCT_BUNDLE_IDENTIFIER = com.k4.TechSympTests;
				PRODUCT_NAME = "$(TARGET_NAME)";
				SWIFT_VERSION = 4.2;
				TARGETED_DEVICE_FAMILY = "1,2";
				TEST_HOST = "$(BUILT_PRODUCTS_DIR)/TechSymp.app/TechSymp";
			};
			name = Debug;
		};
		A92414C921A67CE6005E9243 /* Release */ = {
			isa = XCBuildConfiguration;
			buildSettings = {
				ALWAYS_EMBED_SWIFT_STANDARD_LIBRARIES = YES;
				BUNDLE_LOADER = "$(TEST_HOST)";
				CODE_SIGN_STYLE = Automatic;
				DEVELOPMENT_TEAM = L665RRN8MH;
				INFOPLIST_FILE = TechSympTests/Info.plist;
				LD_RUNPATH_SEARCH_PATHS = (
					"$(inherited)",
					"@executable_path/Frameworks",
					"@loader_path/Frameworks",
				);
				PRODUCT_BUNDLE_IDENTIFIER = com.k4.TechSympTests;
				PRODUCT_NAME = "$(TARGET_NAME)";
				SWIFT_VERSION = 4.2;
				TARGETED_DEVICE_FAMILY = "1,2";
				TEST_HOST = "$(BUILT_PRODUCTS_DIR)/TechSymp.app/TechSymp";
			};
			name = Release;
		};
		A92414CB21A67CE6005E9243 /* Debug */ = {
			isa = XCBuildConfiguration;
			buildSettings = {
				ALWAYS_EMBED_SWIFT_STANDARD_LIBRARIES = YES;
				CODE_SIGN_STYLE = Automatic;
				DEVELOPMENT_TEAM = L665RRN8MH;
				INFOPLIST_FILE = TechSympUITests/Info.plist;
				LD_RUNPATH_SEARCH_PATHS = (
					"$(inherited)",
					"@executable_path/Frameworks",
					"@loader_path/Frameworks",
				);
				PRODUCT_BUNDLE_IDENTIFIER = com.k4.TechSympUITests;
				PRODUCT_NAME = "$(TARGET_NAME)";
				SWIFT_VERSION = 4.2;
				TARGETED_DEVICE_FAMILY = "1,2";
				TEST_TARGET_NAME = TechSymp;
			};
			name = Debug;
		};
		A92414CC21A67CE6005E9243 /* Release */ = {
			isa = XCBuildConfiguration;
			buildSettings = {
				ALWAYS_EMBED_SWIFT_STANDARD_LIBRARIES = YES;
				CODE_SIGN_STYLE = Automatic;
				DEVELOPMENT_TEAM = L665RRN8MH;
				INFOPLIST_FILE = TechSympUITests/Info.plist;
				LD_RUNPATH_SEARCH_PATHS = (
					"$(inherited)",
					"@executable_path/Frameworks",
					"@loader_path/Frameworks",
				);
				PRODUCT_BUNDLE_IDENTIFIER = com.k4.TechSympUITests;
				PRODUCT_NAME = "$(TARGET_NAME)";
				SWIFT_VERSION = 4.2;
				TARGETED_DEVICE_FAMILY = "1,2";
				TEST_TARGET_NAME = TechSymp;
			};
			name = Release;
		};
/* End XCBuildConfiguration section */

/* Begin XCConfigurationList section */
		A924149421A67CE4005E9243 /* Build configuration list for PBXProject "TechSymp" */ = {
			isa = XCConfigurationList;
			buildConfigurations = (
				A92414C221A67CE6005E9243 /* Debug */,
				A92414C321A67CE6005E9243 /* Release */,
			);
			defaultConfigurationIsVisible = 0;
			defaultConfigurationName = Release;
		};
		A92414C421A67CE6005E9243 /* Build configuration list for PBXNativeTarget "TechSymp" */ = {
			isa = XCConfigurationList;
			buildConfigurations = (
				A92414C521A67CE6005E9243 /* Debug */,
				A92414C621A67CE6005E9243 /* Release */,
			);
			defaultConfigurationIsVisible = 0;
			defaultConfigurationName = Release;
		};
		A92414C721A67CE6005E9243 /* Build configuration list for PBXNativeTarget "TechSympTests" */ = {
			isa = XCConfigurationList;
			buildConfigurations = (
				A92414C821A67CE6005E9243 /* Debug */,
				A92414C921A67CE6005E9243 /* Release */,
			);
			defaultConfigurationIsVisible = 0;
			defaultConfigurationName = Release;
		};
		A92414CA21A67CE6005E9243 /* Build configuration list for PBXNativeTarget "TechSympUITests" */ = {
			isa = XCConfigurationList;
			buildConfigurations = (
				A92414CB21A67CE6005E9243 /* Debug */,
				A92414CC21A67CE6005E9243 /* Release */,
			);
			defaultConfigurationIsVisible = 0;
			defaultConfigurationName = Release;
		};
/* End XCConfigurationList section */

/* Begin XCVersionGroup section */
		A92414A321A67CE5005E9243 /* TechSymp.xcdatamodeld */ = {
			isa = XCVersionGroup;
			children = (
				A92414A421A67CE5005E9243 /* TechSymp.xcdatamodel */,
			);
			currentVersion = A92414A421A67CE5005E9243 /* TechSymp.xcdatamodel */;
			path = TechSymp.xcdatamodeld;
			sourceTree = "<group>";
			versionGroupType = wrapper.xcdatamodel;
		};
/* End XCVersionGroup section */
	};
	rootObject = A924149121A67CE4005E9243 /* Project object */;
}
